// !$*UTF8*$!
{
	archiveVersion = 1;
	classes = {
	};
	objectVersion = 51;
	objects = {

/* Begin PBXBuildFile section */
		1E276DFD22C60BCD007EC232 /* AppDelegate.swift in Sources */ = {isa = PBXBuildFile; fileRef = 1E276DFC22C60BCD007EC232 /* AppDelegate.swift */; };
		1E276DFF22C60BCD007EC232 /* ViewController.swift in Sources */ = {isa = PBXBuildFile; fileRef = 1E276DFE22C60BCD007EC232 /* ViewController.swift */; };
		1E276E0222C60BCD007EC232 /* Main.storyboard in Resources */ = {isa = PBXBuildFile; fileRef = 1E276E0022C60BCD007EC232 /* Main.storyboard */; };
		1E276E0422C60BCE007EC232 /* Assets.xcassets in Resources */ = {isa = PBXBuildFile; fileRef = 1E276E0322C60BCE007EC232 /* Assets.xcassets */; };
		1E276E0722C60BCE007EC232 /* LaunchScreen.storyboard in Resources */ = {isa = PBXBuildFile; fileRef = 1E276E0522C60BCE007EC232 /* LaunchScreen.storyboard */; };
		1E276E0F22C6148C007EC232 /* ViewController2.swift in Sources */ = {isa = PBXBuildFile; fileRef = 1E276E0E22C6148C007EC232 /* ViewController2.swift */; };
		1E276E1122C614B1007EC232 /* ViewController3.swift in Sources */ = {isa = PBXBuildFile; fileRef = 1E276E1022C614B1007EC232 /* ViewController3.swift */; };
		1E276E1622C619B9007EC232 /* Post.swift in Sources */ = {isa = PBXBuildFile; fileRef = 1E276E1522C619B9007EC232 /* Post.swift */; };
		1E276E1822C61E88007EC232 /* GoogleService-Info.plist in Resources */ = {isa = PBXBuildFile; fileRef = 1E276E1722C61E88007EC232 /* GoogleService-Info.plist */; };
		E038797F32BCEAB1B4A1ED8A /* Pods_Firebase1_self.framework in Frameworks */ = {isa = PBXBuildFile; fileRef = 319B36A31B35D02808EB660E /* Pods_Firebase1_self.framework */; };
/* End PBXBuildFile section */

/* Begin PBXFileReference section */
		0563C863D08FC1B8EDED4C14 /* Pods-Firebase1.self.debug.xcconfig */ = {isa = PBXFileReference; includeInIndex = 1; lastKnownFileType = text.xcconfig; name = "Pods-Firebase1.self.debug.xcconfig"; path = "Target Support Files/Pods-Firebase1.self/Pods-Firebase1.self.debug.xcconfig"; sourceTree = "<group>"; };
		1E276DF922C60BCD007EC232 /* Firebase1.self.app */ = {isa = PBXFileReference; explicitFileType = wrapper.application; includeInIndex = 0; path = Firebase1.self.app; sourceTree = BUILT_PRODUCTS_DIR; };
		1E276DFC22C60BCD007EC232 /* AppDelegate.swift */ = {isa = PBXFileReference; lastKnownFileType = sourcecode.swift; path = AppDelegate.swift; sourceTree = "<group>"; };
		1E276DFE22C60BCD007EC232 /* ViewController.swift */ = {isa = PBXFileReference; lastKnownFileType = sourcecode.swift; path = ViewController.swift; sourceTree = "<group>"; };
		1E276E0122C60BCD007EC232 /* Base */ = {isa = PBXFileReference; lastKnownFileType = file.storyboard; name = Base; path = Base.lproj/Main.storyboard; sourceTree = "<group>"; };
		1E276E0322C60BCE007EC232 /* Assets.xcassets */ = {isa = PBXFileReference; lastKnownFileType = folder.assetcatalog; path = Assets.xcassets; sourceTree = "<group>"; };
		1E276E0622C60BCE007EC232 /* Base */ = {isa = PBXFileReference; lastKnownFileType = file.storyboard; name = Base; path = Base.lproj/LaunchScreen.storyboard; sourceTree = "<group>"; };
		1E276E0822C60BCE007EC232 /* Info.plist */ = {isa = PBXFileReference; lastKnownFileType = text.plist.xml; path = Info.plist; sourceTree = "<group>"; };
		1E276E0E22C6148C007EC232 /* ViewController2.swift */ = {isa = PBXFileReference; lastKnownFileType = sourcecode.swift; path = ViewController2.swift; sourceTree = "<group>"; };
		1E276E1022C614B1007EC232 /* ViewController3.swift */ = {isa = PBXFileReference; lastKnownFileType = sourcecode.swift; path = ViewController3.swift; sourceTree = "<group>"; };
		1E276E1522C619B9007EC232 /* Post.swift */ = {isa = PBXFileReference; lastKnownFileType = sourcecode.swift; path = Post.swift; sourceTree = "<group>"; };
		1E276E1722C61E88007EC232 /* GoogleService-Info.plist */ = {isa = PBXFileReference; fileEncoding = 4; lastKnownFileType = text.plist.xml; path = "GoogleService-Info.plist"; sourceTree = "<group>"; };
		319B36A31B35D02808EB660E /* Pods_Firebase1_self.framework */ = {isa = PBXFileReference; explicitFileType = wrapper.framework; includeInIndex = 0; path = Pods_Firebase1_self.framework; sourceTree = BUILT_PRODUCTS_DIR; };
		5326AF2E6AE149424D47C7CD /* Pods-Firebase1.self.release.xcconfig */ = {isa = PBXFileReference; includeInIndex = 1; lastKnownFileType = text.xcconfig; name = "Pods-Firebase1.self.release.xcconfig"; path = "Target Support Files/Pods-Firebase1.self/Pods-Firebase1.self.release.xcconfig"; sourceTree = "<group>"; };
/* End PBXFileReference section */

/* Begin PBXFrameworksBuildPhase section */
		1E276DF622C60BCD007EC232 /* Frameworks */ = {
			isa = PBXFrameworksBuildPhase;
			buildActionMask = 2147483647;
			files = (
				E038797F32BCEAB1B4A1ED8A /* Pods_Firebase1_self.framework in Frameworks */,
			);
			runOnlyForDeploymentPostprocessing = 0;
		};
/* End PBXFrameworksBuildPhase section */

/* Begin PBXGroup section */
		1E276DF022C60BCD007EC232 = {
			isa = PBXGroup;
			children = (
				1E276DFB22C60BCD007EC232 /* Firebase1.self */,
				1E276DFA22C60BCD007EC232 /* Products */,
				6FAEEA07D4C8E70910F88C42 /* Pods */,
				592624818DC4F72D939E3F9B /* Frameworks */,
			);
			sourceTree = "<group>";
		};
		1E276DFA22C60BCD007EC232 /* Products */ = {
			isa = PBXGroup;
			children = (
				1E276DF922C60BCD007EC232 /* Firebase1.self.app */,
			);
			name = Products;
			sourceTree = "<group>";
		};
		1E276DFB22C60BCD007EC232 /* Firebase1.self */ = {
			isa = PBXGroup;
			children = (
				1E276DFC22C60BCD007EC232 /* AppDelegate.swift */,
				1E276E1922C62091007EC232 /* Models */,
				1E276E1322C614C9007EC232 /* Views */,
				1E276E1222C614BB007EC232 /* Controllers */,
				1E276E1422C614D7007EC232 /* Supporting Files */,
				1E276E0822C60BCE007EC232 /* Info.plist */,
				1E276E1722C61E88007EC232 /* GoogleService-Info.plist */,
			);
			path = Firebase1.self;
			sourceTree = "<group>";
		};
		1E276E1222C614BB007EC232 /* Controllers */ = {
			isa = PBXGroup;
			children = (
				1E276DFE22C60BCD007EC232 /* ViewController.swift */,
				1E276E0E22C6148C007EC232 /* ViewController2.swift */,
				1E276E1022C614B1007EC232 /* ViewController3.swift */,
			);
			path = Controllers;
			sourceTree = "<group>";
		};
		1E276E1322C614C9007EC232 /* Views */ = {
			isa = PBXGroup;
			children = (
				1E276E0022C60BCD007EC232 /* Main.storyboard */,
			);
			path = Views;
			sourceTree = "<group>";
		};
		1E276E1422C614D7007EC232 /* Supporting Files */ = {
			isa = PBXGroup;
			children = (
				1E276E0322C60BCE007EC232 /* Assets.xcassets */,
				1E276E0522C60BCE007EC232 /* LaunchScreen.storyboard */,
			);
			path = "Supporting Files";
			sourceTree = "<group>";
		};
		1E276E1922C62091007EC232 /* Models */ = {
			isa = PBXGroup;
			children = (
				1E276E1522C619B9007EC232 /* Post.swift */,
			);
			path = Models;
			sourceTree = "<group>";
		};
		592624818DC4F72D939E3F9B /* Frameworks */ = {
			isa = PBXGroup;
			children = (
				319B36A31B35D02808EB660E /* Pods_Firebase1_self.framework */,
			);
			name = Frameworks;
			sourceTree = "<group>";
		};
		6FAEEA07D4C8E70910F88C42 /* Pods */ = {
			isa = PBXGroup;
			children = (
				0563C863D08FC1B8EDED4C14 /* Pods-Firebase1.self.debug.xcconfig */,
				5326AF2E6AE149424D47C7CD /* Pods-Firebase1.self.release.xcconfig */,
			);
			path = Pods;
			sourceTree = "<group>";
		};
/* End PBXGroup section */

/* Begin PBXNativeTarget section */
		1E276DF822C60BCD007EC232 /* Firebase1.self */ = {
			isa = PBXNativeTarget;
			buildConfigurationList = 1E276E0B22C60BCE007EC232 /* Build configuration list for PBXNativeTarget "Firebase1.self" */;
			buildPhases = (
				01DA5C686FA3136D0175DC6E /* [CP] Check Pods Manifest.lock */,
				1E276DF522C60BCD007EC232 /* Sources */,
				1E276DF622C60BCD007EC232 /* Frameworks */,
				1E276DF722C60BCD007EC232 /* Resources */,
				ADC65810B143400CD04EA2B3 /* [CP] Embed Pods Frameworks */,
			);
			buildRules = (
			);
			dependencies = (
			);
			name = Firebase1.self;
			productName = Firebase1.self;
			productReference = 1E276DF922C60BCD007EC232 /* Firebase1.self.app */;
			productType = "com.apple.product-type.application";
		};
/* End PBXNativeTarget section */

/* Begin PBXProject section */
		1E276DF122C60BCD007EC232 /* Project object */ = {
			isa = PBXProject;
			attributes = {
				LastSwiftUpdateCheck = 1020;
				LastUpgradeCheck = 1020;
				ORGANIZATIONNAME = "関口大海";
				TargetAttributes = {
					1E276DF822C60BCD007EC232 = {
						CreatedOnToolsVersion = 10.2.1;
					};
				};
			};
			buildConfigurationList = 1E276DF422C60BCD007EC232 /* Build configuration list for PBXProject "Firebase1.self" */;
			compatibilityVersion = "Xcode 9.3";
			developmentRegion = en;
			hasScannedForEncodings = 0;
			knownRegions = (
				en,
				Base,
			);
			mainGroup = 1E276DF022C60BCD007EC232;
			productRefGroup = 1E276DFA22C60BCD007EC232 /* Products */;
			projectDirPath = "";
			projectRoot = "";
			targets = (
				1E276DF822C60BCD007EC232 /* Firebase1.self */,
			);
		};
/* End PBXProject section */

/* Begin PBXResourcesBuildPhase section */
		1E276DF722C60BCD007EC232 /* Resources */ = {
			isa = PBXResourcesBuildPhase;
			buildActionMask = 2147483647;
			files = (
				1E276E0722C60BCE007EC232 /* LaunchScreen.storyboard in Resources */,
				1E276E1822C61E88007EC232 /* GoogleService-Info.plist in Resources */,
				1E276E0422C60BCE007EC232 /* Assets.xcassets in Resources */,
				1E276E0222C60BCD007EC232 /* Main.storyboard in Resources */,
			);
			runOnlyForDeploymentPostprocessing = 0;
		};
/* End PBXResourcesBuildPhase section */

/* Begin PBXShellScriptBuildPhase section */
		01DA5C686FA3136D0175DC6E /* [CP] Check Pods Manifest.lock */ = {
			isa = PBXShellScriptBuildPhase;
			buildActionMask = 2147483647;
			files = (
			);
			inputFileListPaths = (
			);
			inputPaths = (
				"${PODS_PODFILE_DIR_PATH}/Podfile.lock",
				"${PODS_ROOT}/Manifest.lock",
			);
			name = "[CP] Check Pods Manifest.lock";
			outputFileListPaths = (
			);
			outputPaths = (
				"$(DERIVED_FILE_DIR)/Pods-Firebase1.self-checkManifestLockResult.txt",
			);
			runOnlyForDeploymentPostprocessing = 0;
			shellPath = /bin/sh;
			shellScript = "diff \"${PODS_PODFILE_DIR_PATH}/Podfile.lock\" \"${PODS_ROOT}/Manifest.lock\" > /dev/null\nif [ $? != 0 ] ; then\n    # print error to STDERR\n    echo \"error: The sandbox is not in sync with the Podfile.lock. Run 'pod install' or update your CocoaPods installation.\" >&2\n    exit 1\nfi\n# This output is used by Xcode 'outputs' to avoid re-running this script phase.\necho \"SUCCESS\" > \"${SCRIPT_OUTPUT_FILE_0}\"\n";
			showEnvVarsInLog = 0;
		};
		ADC65810B143400CD04EA2B3 /* [CP] Embed Pods Frameworks */ = {
			isa = PBXShellScriptBuildPhase;
			buildActionMask = 2147483647;
			files = (
			);
			inputFileListPaths = (
				"${PODS_ROOT}/Target Support Files/Pods-Firebase1.self/Pods-Firebase1.self-frameworks-${CONFIGURATION}-input-files.xcfilelist",
			);
			name = "[CP] Embed Pods Frameworks";
			outputFileListPaths = (
				"${PODS_ROOT}/Target Support Files/Pods-Firebase1.self/Pods-Firebase1.self-frameworks-${CONFIGURATION}-output-files.xcfilelist",
			);
			runOnlyForDeploymentPostprocessing = 0;
			shellPath = /bin/sh;
			shellScript = "\"${PODS_ROOT}/Target Support Files/Pods-Firebase1.self/Pods-Firebase1.self-frameworks.sh\"\n";
			showEnvVarsInLog = 0;
		};
/* End PBXShellScriptBuildPhase section */

/* Begin PBXSourcesBuildPhase section */
		1E276DF522C60BCD007EC232 /* Sources */ = {
			isa = PBXSourcesBuildPhase;
			buildActionMask = 2147483647;
			files = (
				1E276DFF22C60BCD007EC232 /* ViewController.swift in Sources */,
				1E276DFD22C60BCD007EC232 /* AppDelegate.swift in Sources */,
				1E276E1122C614B1007EC232 /* ViewController3.swift in Sources */,
				1E276E0F22C6148C007EC232 /* ViewController2.swift in Sources */,
				1E276E1622C619B9007EC232 /* Post.swift in Sources */,
			);
			runOnlyForDeploymentPostprocessing = 0;
		};
/* End PBXSourcesBuildPhase section */

/* Begin PBXVariantGroup section */
		1E276E0022C60BCD007EC232 /* Main.storyboard */ = {
			isa = PBXVariantGroup;
			children = (
				1E276E0122C60BCD007EC232 /* Base */,
			);
			name = Main.storyboard;
			sourceTree = "<group>";
		};
		1E276E0522C60BCE007EC232 /* LaunchScreen.storyboard */ = {
			isa = PBXVariantGroup;
			children = (
				1E276E0622C60BCE007EC232 /* Base */,
			);
			name = LaunchScreen.storyboard;
			sourceTree = "<group>";
		};
/* End PBXVariantGroup section */

/* Begin XCBuildConfiguration section */
		1E276E0922C60BCE007EC232 /* Debug */ = {
			isa = XCBuildConfiguration;
			buildSettings = {
				ALWAYS_SEARCH_USER_PATHS = NO;
				CLANG_ANALYZER_NONNULL = YES;
				CLANG_ANALYZER_NUMBER_OBJECT_CONVERSION = YES_AGGRESSIVE;
				CLANG_CXX_LANGUAGE_STANDARD = "gnu++14";
				CLANG_CXX_LIBRARY = "libc++";
				CLANG_ENABLE_MODULES = YES;
				CLANG_ENABLE_OBJC_ARC = YES;
				CLANG_ENABLE_OBJC_WEAK = YES;
				CLANG_WARN_BLOCK_CAPTURE_AUTORELEASING = YES;
				CLANG_WARN_BOOL_CONVERSION = YES;
				CLANG_WARN_COMMA = YES;
				CLANG_WARN_CONSTANT_CONVERSION = YES;
				CLANG_WARN_DEPRECATED_OBJC_IMPLEMENTATIONS = YES;
				CLANG_WARN_DIRECT_OBJC_ISA_USAGE = YES_ERROR;
				CLANG_WARN_DOCUMENTATION_COMMENTS = YES;
				CLANG_WARN_EMPTY_BODY = YES;
				CLANG_WARN_ENUM_CONVERSION = YES;
				CLANG_WARN_INFINITE_RECURSION = YES;
				CLANG_WARN_INT_CONVERSION = YES;
				CLANG_WARN_NON_LITERAL_NULL_CONVERSION = YES;
				CLANG_WARN_OBJC_IMPLICIT_RETAIN_SELF = YES;
				CLANG_WARN_OBJC_LITERAL_CONVERSION = YES;
				CLANG_WARN_OBJC_ROOT_CLASS = YES_ERROR;
				CLANG_WARN_RANGE_LOOP_ANALYSIS = YES;
				CLANG_WARN_STRICT_PROTOTYPES = YES;
				CLANG_WARN_SUSPICIOUS_MOVE = YES;
				CLANG_WARN_UNGUARDED_AVAILABILITY = YES_AGGRESSIVE;
				CLANG_WARN_UNREACHABLE_CODE = YES;
				CLANG_WARN__DUPLICATE_METHOD_MATCH = YES;
				CODE_SIGN_IDENTITY = "iPhone Developer";
				COPY_PHASE_STRIP = NO;
				DEBUG_INFORMATION_FORMAT = dwarf;
				ENABLE_STRICT_OBJC_MSGSEND = YES;
				ENABLE_TESTABILITY = YES;
				GCC_C_LANGUAGE_STANDARD = gnu11;
				GCC_DYNAMIC_NO_PIC = NO;
				GCC_NO_COMMON_BLOCKS = YES;
				GCC_OPTIMIZATION_LEVEL = 0;
				GCC_PREPROCESSOR_DEFINITIONS = (
					"DEBUG=1",
					"$(inherited)",
				);
				GCC_WARN_64_TO_32_BIT_CONVERSION = YES;
				GCC_WARN_ABOUT_RETURN_TYPE = YES_ERROR;
				GCC_WARN_UNDECLARED_SELECTOR = YES;
				GCC_WARN_UNINITIALIZED_AUTOS = YES_AGGRESSIVE;
				GCC_WARN_UNUSED_FUNCTION = YES;
				GCC_WARN_UNUSED_VARIABLE = YES;
				IPHONEOS_DEPLOYMENT_TARGET = 12.2;
				MTL_ENABLE_DEBUG_INFO = INCLUDE_SOURCE;
				MTL_FAST_MATH = YES;
				ONLY_ACTIVE_ARCH = YES;
				SDKROOT = iphoneos;
				SWIFT_ACTIVE_COMPILATION_CONDITIONS = DEBUG;
				SWIFT_OPTIMIZATION_LEVEL = "-Onone";
			};
			name = Debug;
		};
		1E276E0A22C60BCE007EC232 /* Release */ = {
			isa = XCBuildConfiguration;
			buildSettings = {
				ALWAYS_SEARCH_USER_PATHS = NO;
				CLANG_ANALYZER_NONNULL = YES;
				CLANG_ANALYZER_NUMBER_OBJECT_CONVERSION = YES_AGGRESSIVE;
				CLANG_CXX_LANGUAGE_STANDARD = "gnu++14";
				CLANG_CXX_LIBRARY = "libc++";
				CLANG_ENABLE_MODULES = YES;
				CLANG_ENABLE_OBJC_ARC = YES;
				CLANG_ENABLE_OBJC_WEAK = YES;
				CLANG_WARN_BLOCK_CAPTURE_AUTORELEASING = YES;
				CLANG_WARN_BOOL_CONVERSION = YES;
				CLANG_WARN_COMMA = YES;
				CLANG_WARN_CONSTANT_CONVERSION = YES;
				CLANG_WARN_DEPRECATED_OBJC_IMPLEMENTATIONS = YES;
				CLANG_WARN_DIRECT_OBJC_ISA_USAGE = YES_ERROR;
				CLANG_WARN_DOCUMENTATION_COMMENTS = YES;
				CLANG_WARN_EMPTY_BODY = YES;
				CLANG_WARN_ENUM_CONVERSION = YES;
				CLANG_WARN_INFINITE_RECURSION = YES;
				CLANG_WARN_INT_CONVERSION = YES;
				CLANG_WARN_NON_LITERAL_NULL_CONVERSION = YES;
				CLANG_WARN_OBJC_IMPLICIT_RETAIN_SELF = YES;
				CLANG_WARN_OBJC_LITERAL_CONVERSION = YES;
				CLANG_WARN_OBJC_ROOT_CLASS = YES_ERROR;
				CLANG_WARN_RANGE_LOOP_ANALYSIS = YES;
				CLANG_WARN_STRICT_PROTOTYPES = YES;
				CLANG_WARN_SUSPICIOUS_MOVE = YES;
				CLANG_WARN_UNGUARDED_AVAILABILITY = YES_AGGRESSIVE;
				CLANG_WARN_UNREACHABLE_CODE = YES;
				CLANG_WARN__DUPLICATE_METHOD_MATCH = YES;
				CODE_SIGN_IDENTITY = "iPhone Developer";
				COPY_PHASE_STRIP = NO;
				DEBUG_INFORMATION_FORMAT = "dwarf-with-dsym";
				ENABLE_NS_ASSERTIONS = NO;
				ENABLE_STRICT_OBJC_MSGSEND = YES;
				GCC_C_LANGUAGE_STANDARD = gnu11;
				GCC_NO_COMMON_BLOCKS = YES;
				GCC_WARN_64_TO_32_BIT_CONVERSION = YES;
				GCC_WARN_ABOUT_RETURN_TYPE = YES_ERROR;
				GCC_WARN_UNDECLARED_SELECTOR = YES;
				GCC_WARN_UNINITIALIZED_AUTOS = YES_AGGRESSIVE;
				GCC_WARN_UNUSED_FUNCTION = YES;
				GCC_WARN_UNUSED_VARIABLE = YES;
				IPHONEOS_DEPLOYMENT_TARGET = 12.2;
				MTL_ENABLE_DEBUG_INFO = NO;
				MTL_FAST_MATH = YES;
				SDKROOT = iphoneos;
				SWIFT_COMPILATION_MODE = wholemodule;
				SWIFT_OPTIMIZATION_LEVEL = "-O";
				VALIDATE_PRODUCT = YES;
			};
			name = Release;
		};
		1E276E0C22C60BCE007EC232 /* Debug */ = {
			isa = XCBuildConfiguration;
			baseConfigurationReference = 0563C863D08FC1B8EDED4C14 /* Pods-Firebase1.self.debug.xcconfig */;
			buildSettings = {
				ASSETCATALOG_COMPILER_APPICON_NAME = AppIcon;
				CODE_SIGN_STYLE = Automatic;
				DEVELOPMENT_TEAM = QP36H4JAT7;
				INFOPLIST_FILE = Firebase1.self/Info.plist;
				LD_RUNPATH_SEARCH_PATHS = (
					"$(inherited)",
					"@executable_path/Frameworks",
				);
				PRODUCT_BUNDLE_IDENTIFIER = "com.eHime.Firebase1-self";
				PRODUCT_NAME = "$(TARGET_NAME)";
				SWIFT_VERSION = 5.0;
				TARGETED_DEVICE_FAMILY = "1,2";
			};
			name = Debug;
		};
		1E276E0D22C60BCE007EC232 /* Release */ = {
			isa = XCBuildConfiguration;
			baseConfigurationReference = 5326AF2E6AE149424D47C7CD /* Pods-Firebase1.self.release.xcconfig */;
			buildSettings = {
				ASSETCATALOG_COMPILER_APPICON_NAME = AppIcon;
				CODE_SIGN_STYLE = Automatic;
				DEVELOPMENT_TEAM = QP36H4JAT7;
				INFOPLIST_FILE = Firebase1.self/Info.plist;
				LD_RUNPATH_SEARCH_PATHS = (
					"$(inherited)",
					"@executable_path/Frameworks",
				);
				PRODUCT_BUNDLE_IDENTIFIER = "com.eHime.Firebase1-self";
				PRODUCT_NAME = "$(TARGET_NAME)";
				SWIFT_VERSION = 5.0;
				TARGETED_DEVICE_FAMILY = "1,2";
			};
			name = Release;
		};
/* End XCBuildConfiguration section */

/* Begin XCConfigurationList section */
		1E276DF422C60BCD007EC232 /* Build configuration list for PBXProject "Firebase1.self" */ = {
			isa = XCConfigurationList;
			buildConfigurations = (
				1E276E0922C60BCE007EC232 /* Debug */,
				1E276E0A22C60BCE007EC232 /* Release */,
			);
			defaultConfigurationIsVisible = 0;
			defaultConfigurationName = Release;
		};
		1E276E0B22C60BCE007EC232 /* Build configuration list for PBXNativeTarget "Firebase1.self" */ = {
			isa = XCConfigurationList;
			buildConfigurations = (
				1E276E0C22C60BCE007EC232 /* Debug */,
				1E276E0D22C60BCE007EC232 /* Release */,
			);
			defaultConfigurationIsVisible = 0;
			defaultConfigurationName = Release;
		};
/* End XCConfigurationList section */
	};
	rootObject = 1E276DF122C60BCD007EC232 /* Project object */;
}
